// !$*UTF8*$!
{
	archiveVersion = 1;
	classes = {
	};
	objectVersion = 48;
	objects = {

/* Begin PBXBuildFile section */
		DCF5524F1FA0B9F3000A37AC /* AppDelegate.swift in Sources */ = {isa = PBXBuildFile; fileRef = DCF5524E1FA0B9F3000A37AC /* AppDelegate.swift */; };
		DCF552511FA0B9F3000A37AC /* GameScene.sks in Resources */ = {isa = PBXBuildFile; fileRef = DCF552501FA0B9F3000A37AC /* GameScene.sks */; };
		DCF552531FA0B9F3000A37AC /* Actions.sks in Resources */ = {isa = PBXBuildFile; fileRef = DCF552521FA0B9F3000A37AC /* Actions.sks */; };
		DCF552551FA0B9F3000A37AC /* GameScene.swift in Sources */ = {isa = PBXBuildFile; fileRef = DCF552541FA0B9F3000A37AC /* GameScene.swift */; };
		DCF552571FA0B9F3000A37AC /* GameViewController.swift in Sources */ = {isa = PBXBuildFile; fileRef = DCF552561FA0B9F3000A37AC /* GameViewController.swift */; };
		DCF5525A1FA0B9F3000A37AC /* Main.storyboard in Resources */ = {isa = PBXBuildFile; fileRef = DCF552581FA0B9F3000A37AC /* Main.storyboard */; };
		DCF5525C1FA0B9F3000A37AC /* Assets.xcassets in Resources */ = {isa = PBXBuildFile; fileRef = DCF5525B1FA0B9F3000A37AC /* Assets.xcassets */; };
		DCF5525F1FA0B9F3000A37AC /* LaunchScreen.storyboard in Resources */ = {isa = PBXBuildFile; fileRef = DCF5525D1FA0B9F3000A37AC /* LaunchScreen.storyboard */; };
		DCF552671FA0BA35000A37AC /* MuehleScene.swift in Sources */ = {isa = PBXBuildFile; fileRef = DCF552661FA0BA35000A37AC /* MuehleScene.swift */; };
		DCF552711FA0BA71000A37AC /* Game.swift in Sources */ = {isa = PBXBuildFile; fileRef = DCF5526D1FA0BA70000A37AC /* Game.swift */; };
		DCF552721FA0BA71000A37AC /* FieldGroup.swift in Sources */ = {isa = PBXBuildFile; fileRef = DCF5526E1FA0BA70000A37AC /* FieldGroup.swift */; };
		DCF552731FA0BA71000A37AC /* Extensions.swift in Sources */ = {isa = PBXBuildFile; fileRef = DCF5526F1FA0BA70000A37AC /* Extensions.swift */; };
		DCF552741FA0BA71000A37AC /* Field.swift in Sources */ = {isa = PBXBuildFile; fileRef = DCF552701FA0BA70000A37AC /* Field.swift */; };
		DCF552761FA0BAC6000A37AC /* StoneNode.swift in Sources */ = {isa = PBXBuildFile; fileRef = DCF552751FA0BAC6000A37AC /* StoneNode.swift */; };
		DCF552771FA0BE17000A37AC /* SmartPlayer.swift in Sources */ = {isa = PBXBuildFile; fileRef = DCF552691FA0BA70000A37AC /* SmartPlayer.swift */; };
		DCF552781FA0BE17000A37AC /* RandomPlayer.swift in Sources */ = {isa = PBXBuildFile; fileRef = DCF5526A1FA0BA70000A37AC /* RandomPlayer.swift */; };
		DCF552791FA0BE17000A37AC /* UserPlayer.swift in Sources */ = {isa = PBXBuildFile; fileRef = DCF5526B1FA0BA70000A37AC /* UserPlayer.swift */; };
		DCF5527A1FA0BE17000A37AC /* Player.swift in Sources */ = {isa = PBXBuildFile; fileRef = DCF5526C1FA0BA70000A37AC /* Player.swift */; };
		DCF5527C1FA0C42D000A37AC /* UIExtensions.swift in Sources */ = {isa = PBXBuildFile; fileRef = DCF5527B1FA0C42D000A37AC /* UIExtensions.swift */; };
/* End PBXBuildFile section */

/* Begin PBXFileReference section */
		DCF5524B1FA0B9F3000A37AC /* MuehleGame.app */ = {isa = PBXFileReference; explicitFileType = wrapper.application; includeInIndex = 0; path = MuehleGame.app; sourceTree = BUILT_PRODUCTS_DIR; };
		DCF5524E1FA0B9F3000A37AC /* AppDelegate.swift */ = {isa = PBXFileReference; lastKnownFileType = sourcecode.swift; path = AppDelegate.swift; sourceTree = "<group>"; };
		DCF552501FA0B9F3000A37AC /* GameScene.sks */ = {isa = PBXFileReference; lastKnownFileType = file.sks; path = GameScene.sks; sourceTree = "<group>"; };
		DCF552521FA0B9F3000A37AC /* Actions.sks */ = {isa = PBXFileReference; lastKnownFileType = file.sks; path = Actions.sks; sourceTree = "<group>"; };
		DCF552541FA0B9F3000A37AC /* GameScene.swift */ = {isa = PBXFileReference; lastKnownFileType = sourcecode.swift; path = GameScene.swift; sourceTree = "<group>"; };
		DCF552561FA0B9F3000A37AC /* GameViewController.swift */ = {isa = PBXFileReference; lastKnownFileType = sourcecode.swift; path = GameViewController.swift; sourceTree = "<group>"; };
		DCF552591FA0B9F3000A37AC /* Base */ = {isa = PBXFileReference; lastKnownFileType = file.storyboard; name = Base; path = Base.lproj/Main.storyboard; sourceTree = "<group>"; };
		DCF5525B1FA0B9F3000A37AC /* Assets.xcassets */ = {isa = PBXFileReference; lastKnownFileType = folder.assetcatalog; path = Assets.xcassets; sourceTree = "<group>"; };
		DCF5525E1FA0B9F3000A37AC /* Base */ = {isa = PBXFileReference; lastKnownFileType = file.storyboard; name = Base; path = Base.lproj/LaunchScreen.storyboard; sourceTree = "<group>"; };
		DCF552601FA0B9F3000A37AC /* Info.plist */ = {isa = PBXFileReference; lastKnownFileType = text.plist.xml; path = Info.plist; sourceTree = "<group>"; };
		DCF552661FA0BA35000A37AC /* MuehleScene.swift */ = {isa = PBXFileReference; lastKnownFileType = sourcecode.swift; path = MuehleScene.swift; sourceTree = "<group>"; };
		DCF552691FA0BA70000A37AC /* SmartPlayer.swift */ = {isa = PBXFileReference; lastKnownFileType = sourcecode.swift; path = SmartPlayer.swift; sourceTree = "<group>"; };
		DCF5526A1FA0BA70000A37AC /* RandomPlayer.swift */ = {isa = PBXFileReference; lastKnownFileType = sourcecode.swift; path = RandomPlayer.swift; sourceTree = "<group>"; };
		DCF5526B1FA0BA70000A37AC /* UserPlayer.swift */ = {isa = PBXFileReference; lastKnownFileType = sourcecode.swift; path = UserPlayer.swift; sourceTree = "<group>"; };
		DCF5526C1FA0BA70000A37AC /* Player.swift */ = {isa = PBXFileReference; lastKnownFileType = sourcecode.swift; path = Player.swift; sourceTree = "<group>"; };
		DCF5526D1FA0BA70000A37AC /* Game.swift */ = {isa = PBXFileReference; lastKnownFileType = sourcecode.swift; path = Game.swift; sourceTree = "<group>"; };
		DCF5526E1FA0BA70000A37AC /* FieldGroup.swift */ = {isa = PBXFileReference; lastKnownFileType = sourcecode.swift; path = FieldGroup.swift; sourceTree = "<group>"; };
		DCF5526F1FA0BA70000A37AC /* Extensions.swift */ = {isa = PBXFileReference; lastKnownFileType = sourcecode.swift; path = Extensions.swift; sourceTree = "<group>"; };
		DCF552701FA0BA70000A37AC /* Field.swift */ = {isa = PBXFileReference; lastKnownFileType = sourcecode.swift; path = Field.swift; sourceTree = "<group>"; };
		DCF552751FA0BAC6000A37AC /* StoneNode.swift */ = {isa = PBXFileReference; lastKnownFileType = sourcecode.swift; path = StoneNode.swift; sourceTree = "<group>"; };
		DCF5527B1FA0C42D000A37AC /* UIExtensions.swift */ = {isa = PBXFileReference; lastKnownFileType = sourcecode.swift; path = UIExtensions.swift; sourceTree = "<group>"; };
/* End PBXFileReference section */

/* Begin PBXFrameworksBuildPhase section */
		DCF552481FA0B9F3000A37AC /* Frameworks */ = {
			isa = PBXFrameworksBuildPhase;
			buildActionMask = 2147483647;
			files = (
			);
			runOnlyForDeploymentPostprocessing = 0;
		};
/* End PBXFrameworksBuildPhase section */

/* Begin PBXGroup section */
		DCF552421FA0B9F3000A37AC = {
			isa = PBXGroup;
			children = (
				DCF5524D1FA0B9F3000A37AC /* MuehleGame */,
				DCF5524C1FA0B9F3000A37AC /* Products */,
			);
			sourceTree = "<group>";
		};
		DCF5524C1FA0B9F3000A37AC /* Products */ = {
			isa = PBXGroup;
			children = (
				DCF5524B1FA0B9F3000A37AC /* MuehleGame.app */,
			);
			name = Products;
			sourceTree = "<group>";
		};
		DCF5524D1FA0B9F3000A37AC /* MuehleGame */ = {
			isa = PBXGroup;
			children = (
				DCF5524E1FA0B9F3000A37AC /* AppDelegate.swift */,
				DCF552501FA0B9F3000A37AC /* GameScene.sks */,
				DCF552521FA0B9F3000A37AC /* Actions.sks */,
				DCF552561FA0B9F3000A37AC /* GameViewController.swift */,
				DCF552541FA0B9F3000A37AC /* GameScene.swift */,
				DCF552661FA0BA35000A37AC /* MuehleScene.swift */,
				DCF5527B1FA0C42D000A37AC /* UIExtensions.swift */,
				DCF552751FA0BAC6000A37AC /* StoneNode.swift */,
				DCF5526F1FA0BA70000A37AC /* Extensions.swift */,
				DCF552701FA0BA70000A37AC /* Field.swift */,
				DCF5526E1FA0BA70000A37AC /* FieldGroup.swift */,
				DCF5526D1FA0BA70000A37AC /* Game.swift */,
				DCF552681FA0BA70000A37AC /* Player */,
				DCF552581FA0B9F3000A37AC /* Main.storyboard */,
				DCF5525B1FA0B9F3000A37AC /* Assets.xcassets */,
				DCF5525D1FA0B9F3000A37AC /* LaunchScreen.storyboard */,
				DCF552601FA0B9F3000A37AC /* Info.plist */,
			);
			path = MuehleGame;
			sourceTree = "<group>";
		};
		DCF552681FA0BA70000A37AC /* Player */ = {
			isa = PBXGroup;
			children = (
				DCF552691FA0BA70000A37AC /* SmartPlayer.swift */,
				DCF5526A1FA0BA70000A37AC /* RandomPlayer.swift */,
				DCF5526B1FA0BA70000A37AC /* UserPlayer.swift */,
				DCF5526C1FA0BA70000A37AC /* Player.swift */,
			);
			path = Player;
			sourceTree = "<group>";
		};
/* End PBXGroup section */

/* Begin PBXNativeTarget section */
		DCF5524A1FA0B9F3000A37AC /* MuehleGame */ = {
			isa = PBXNativeTarget;
			buildConfigurationList = DCF552631FA0B9F3000A37AC /* Build configuration list for PBXNativeTarget "MuehleGame" */;
			buildPhases = (
				DCF552471FA0B9F3000A37AC /* Sources */,
				DCF552481FA0B9F3000A37AC /* Frameworks */,
				DCF552491FA0B9F3000A37AC /* Resources */,
			);
			buildRules = (
			);
			dependencies = (
			);
			name = MuehleGame;
			productName = MuehleGame;
			productReference = DCF5524B1FA0B9F3000A37AC /* MuehleGame.app */;
			productType = "com.apple.product-type.application";
		};
/* End PBXNativeTarget section */

/* Begin PBXProject section */
		DCF552431FA0B9F3000A37AC /* Project object */ = {
			isa = PBXProject;
			attributes = {
				LastSwiftUpdateCheck = 0900;
				LastUpgradeCheck = 0900;
				ORGANIZATIONNAME = "Sven Deichsel";
				TargetAttributes = {
					DCF5524A1FA0B9F3000A37AC = {
						CreatedOnToolsVersion = 9.0;
						ProvisioningStyle = Automatic;
					};
				};
			};
			buildConfigurationList = DCF552461FA0B9F3000A37AC /* Build configuration list for PBXProject "MuehleGame" */;
			compatibilityVersion = "Xcode 8.0";
			developmentRegion = en;
			hasScannedForEncodings = 0;
			knownRegions = (
				en,
				Base,
			);
			mainGroup = DCF552421FA0B9F3000A37AC;
			productRefGroup = DCF5524C1FA0B9F3000A37AC /* Products */;
			projectDirPath = "";
			projectRoot = "";
			targets = (
				DCF5524A1FA0B9F3000A37AC /* MuehleGame */,
			);
		};
/* End PBXProject section */

/* Begin PBXResourcesBuildPhase section */
		DCF552491FA0B9F3000A37AC /* Resources */ = {
			isa = PBXResourcesBuildPhase;
			buildActionMask = 2147483647;
			files = (
				DCF5525A1FA0B9F3000A37AC /* Main.storyboard in Resources */,
				DCF552511FA0B9F3000A37AC /* GameScene.sks in Resources */,
				DCF5525C1FA0B9F3000A37AC /* Assets.xcassets in Resources */,
				DCF5525F1FA0B9F3000A37AC /* LaunchScreen.storyboard in Resources */,
				DCF552531FA0B9F3000A37AC /* Actions.sks in Resources */,
			);
			runOnlyForDeploymentPostprocessing = 0;
		};
/* End PBXResourcesBuildPhase section */

/* Begin PBXSourcesBuildPhase section */
		DCF552471FA0B9F3000A37AC /* Sources */ = {
			isa = PBXSourcesBuildPhase;
			buildActionMask = 2147483647;
			files = (
				DCF552551FA0B9F3000A37AC /* GameScene.swift in Sources */,
				DCF5527C1FA0C42D000A37AC /* UIExtensions.swift in Sources */,
				DCF552711FA0BA71000A37AC /* Game.swift in Sources */,
				DCF552771FA0BE17000A37AC /* SmartPlayer.swift in Sources */,
				DCF552791FA0BE17000A37AC /* UserPlayer.swift in Sources */,
				DCF552741FA0BA71000A37AC /* Field.swift in Sources */,
				DCF5527A1FA0BE17000A37AC /* Player.swift in Sources */,
				DCF552761FA0BAC6000A37AC /* StoneNode.swift in Sources */,
				DCF552571FA0B9F3000A37AC /* GameViewController.swift in Sources */,
				DCF552671FA0BA35000A37AC /* MuehleScene.swift in Sources */,
				DCF552721FA0BA71000A37AC /* FieldGroup.swift in Sources */,
				DCF5524F1FA0B9F3000A37AC /* AppDelegate.swift in Sources */,
				DCF552731FA0BA71000A37AC /* Extensions.swift in Sources */,
				DCF552781FA0BE17000A37AC /* RandomPlayer.swift in Sources */,
			);
			runOnlyForDeploymentPostprocessing = 0;
		};
/* End PBXSourcesBuildPhase section */

/* Begin PBXVariantGroup section */
		DCF552581FA0B9F3000A37AC /* Main.storyboard */ = {
			isa = PBXVariantGroup;
			children = (
				DCF552591FA0B9F3000A37AC /* Base */,
			);
			name = Main.storyboard;
			sourceTree = "<group>";
		};
		DCF5525D1FA0B9F3000A37AC /* LaunchScreen.storyboard */ = {
			isa = PBXVariantGroup;
			children = (
				DCF5525E1FA0B9F3000A37AC /* Base */,
			);
			name = LaunchScreen.storyboard;
			sourceTree = "<group>";
		};
/* End PBXVariantGroup section */

/* Begin XCBuildConfiguration section */
		DCF552611FA0B9F3000A37AC /* Debug */ = {
			isa = XCBuildConfiguration;
			buildSettings = {
				ALWAYS_SEARCH_USER_PATHS = NO;
				CLANG_ANALYZER_NONNULL = YES;
				CLANG_ANALYZER_NUMBER_OBJECT_CONVERSION = YES_AGGRESSIVE;
				CLANG_CXX_LANGUAGE_STANDARD = "gnu++14";
				CLANG_CXX_LIBRARY = "libc++";
				CLANG_ENABLE_MODULES = YES;
				CLANG_ENABLE_OBJC_ARC = YES;
				CLANG_WARN_BLOCK_CAPTURE_AUTORELEASING = YES;
				CLANG_WARN_BOOL_CONVERSION = YES;
				CLANG_WARN_COMMA = YES;
				CLANG_WARN_CONSTANT_CONVERSION = YES;
				CLANG_WARN_DIRECT_OBJC_ISA_USAGE = YES_ERROR;
				CLANG_WARN_DOCUMENTATION_COMMENTS = YES;
				CLANG_WARN_EMPTY_BODY = YES;
				CLANG_WARN_ENUM_CONVERSION = YES;
				CLANG_WARN_INFINITE_RECURSION = YES;
				CLANG_WARN_INT_CONVERSION = YES;
				CLANG_WARN_NON_LITERAL_NULL_CONVERSION = YES;
				CLANG_WARN_OBJC_LITERAL_CONVERSION = YES;
				CLANG_WARN_OBJC_ROOT_CLASS = YES_ERROR;
				CLANG_WARN_RANGE_LOOP_ANALYSIS = YES;
				CLANG_WARN_STRICT_PROTOTYPES = YES;
				CLANG_WARN_SUSPICIOUS_MOVE = YES;
				CLANG_WARN_UNGUARDED_AVAILABILITY = YES_AGGRESSIVE;
				CLANG_WARN_UNREACHABLE_CODE = YES;
				CLANG_WARN__DUPLICATE_METHOD_MATCH = YES;
				CODE_SIGN_IDENTITY = "iPhone Developer";
				COPY_PHASE_STRIP = NO;
				DEBUG_INFORMATION_FORMAT = dwarf;
				ENABLE_STRICT_OBJC_MSGSEND = YES;
				ENABLE_TESTABILITY = YES;
				GCC_C_LANGUAGE_STANDARD = gnu11;
				GCC_DYNAMIC_NO_PIC = NO;
				GCC_NO_COMMON_BLOCKS = YES;
				GCC_OPTIMIZATION_LEVEL = 0;
				GCC_PREPROCESSOR_DEFINITIONS = (
					"DEBUG=1",
					"$(inherited)",
				);
				GCC_WARN_64_TO_32_BIT_CONVERSION = YES;
				GCC_WARN_ABOUT_RETURN_TYPE = YES_ERROR;
				GCC_WARN_UNDECLARED_SELECTOR = YES;
				GCC_WARN_UNINITIALIZED_AUTOS = YES_AGGRESSIVE;
				GCC_WARN_UNUSED_FUNCTION = YES;
				GCC_WARN_UNUSED_VARIABLE = YES;
				IPHONEOS_DEPLOYMENT_TARGET = 11.0;
				MTL_ENABLE_DEBUG_INFO = YES;
				ONLY_ACTIVE_ARCH = YES;
				SDKROOT = iphoneos;
				SWIFT_ACTIVE_COMPILATION_CONDITIONS = DEBUG;
				SWIFT_OPTIMIZATION_LEVEL = "-Onone";
			};
			name = Debug;
		};
		DCF552621FA0B9F3000A37AC /* Release */ = {
			isa = XCBuildConfiguration;
			buildSettings = {
				ALWAYS_SEARCH_USER_PATHS = NO;
				CLANG_ANALYZER_NONNULL = YES;
				CLANG_ANALYZER_NUMBER_OBJECT_CONVERSION = YES_AGGRESSIVE;
				CLANG_CXX_LANGUAGE_STANDARD = "gnu++14";
				CLANG_CXX_LIBRARY = "libc++";
				CLANG_ENABLE_MODULES = YES;
				CLANG_ENABLE_OBJC_ARC = YES;
				CLANG_WARN_BLOCK_CAPTURE_AUTORELEASING = YES;
				CLANG_WARN_BOOL_CONVERSION = YES;
				CLANG_WARN_COMMA = YES;
				CLANG_WARN_CONSTANT_CONVERSION = YES;
				CLANG_WARN_DIRECT_OBJC_ISA_USAGE = YES_ERROR;
				CLANG_WARN_DOCUMENTATION_COMMENTS = YES;
				CLANG_WARN_EMPTY_BODY = YES;
				CLANG_WARN_ENUM_CONVERSION = YES;
				CLANG_WARN_INFINITE_RECURSION = YES;
				CLANG_WARN_INT_CONVERSION = YES;
				CLANG_WARN_NON_LITERAL_NULL_CONVERSION = YES;
				CLANG_WARN_OBJC_LITERAL_CONVERSION = YES;
				CLANG_WARN_OBJC_ROOT_CLASS = YES_ERROR;
				CLANG_WARN_RANGE_LOOP_ANALYSIS = YES;
				CLANG_WARN_STRICT_PROTOTYPES = YES;
				CLANG_WARN_SUSPICIOUS_MOVE = YES;
				CLANG_WARN_UNGUARDED_AVAILABILITY = YES_AGGRESSIVE;
				CLANG_WARN_UNREACHABLE_CODE = YES;
				CLANG_WARN__DUPLICATE_METHOD_MATCH = YES;
				CODE_SIGN_IDENTITY = "iPhone Developer";
				COPY_PHASE_STRIP = NO;
				DEBUG_INFORMATION_FORMAT = "dwarf-with-dsym";
				ENABLE_NS_ASSERTIONS = NO;
				ENABLE_STRICT_OBJC_MSGSEND = YES;
				GCC_C_LANGUAGE_STANDARD = gnu11;
				GCC_NO_COMMON_BLOCKS = YES;
				GCC_WARN_64_TO_32_BIT_CONVERSION = YES;
				GCC_WARN_ABOUT_RETURN_TYPE = YES_ERROR;
				GCC_WARN_UNDECLARED_SELECTOR = YES;
				GCC_WARN_UNINITIALIZED_AUTOS = YES_AGGRESSIVE;
				GCC_WARN_UNUSED_FUNCTION = YES;
				GCC_WARN_UNUSED_VARIABLE = YES;
				IPHONEOS_DEPLOYMENT_TARGET = 11.0;
				MTL_ENABLE_DEBUG_INFO = NO;
				SDKROOT = iphoneos;
				SWIFT_OPTIMIZATION_LEVEL = "-Owholemodule";
				VALIDATE_PRODUCT = YES;
			};
			name = Release;
		};
		DCF552641FA0B9F3000A37AC /* Debug */ = {
			isa = XCBuildConfiguration;
			buildSettings = {
				ASSETCATALOG_COMPILER_APPICON_NAME = AppIcon;
				CODE_SIGN_STYLE = Automatic;
				DEVELOPMENT_TEAM = 9MCYG6L48X;
				INFOPLIST_FILE = MuehleGame/Info.plist;
				LD_RUNPATH_SEARCH_PATHS = "$(inherited) @executable_path/Frameworks";
				PRODUCT_BUNDLE_IDENTIFIER = com.svendeichsel.MuehleGame;
				PRODUCT_NAME = "$(TARGET_NAME)";
				SWIFT_VERSION = 4.0;
				TARGETED_DEVICE_FAMILY = "1,2";
			};
			name = Debug;
		};
		DCF552651FA0B9F3000A37AC /* Release */ = {
			isa = XCBuildConfiguration;
			buildSettings = {
				ASSETCATALOG_COMPILER_APPICON_NAME = AppIcon;
				CODE_SIGN_STYLE = Automatic;
				DEVELOPMENT_TEAM = 9MCYG6L48X;
				INFOPLIST_FILE = MuehleGame/Info.plist;
				LD_RUNPATH_SEARCH_PATHS = "$(inherited) @executable_path/Frameworks";
				PRODUCT_BUNDLE_IDENTIFIER = com.svendeichsel.MuehleGame;
				PRODUCT_NAME = "$(TARGET_NAME)";
				SWIFT_VERSION = 4.0;
				TARGETED_DEVICE_FAMILY = "1,2";
			};
			name = Release;
		};
/* End XCBuildConfiguration section */

/* Begin XCConfigurationList section */
		DCF552461FA0B9F3000A37AC /* Build configuration list for PBXProject "MuehleGame" */ = {
			isa = XCConfigurationList;
			buildConfigurations = (
				DCF552611FA0B9F3000A37AC /* Debug */,
				DCF552621FA0B9F3000A37AC /* Release */,
			);
			defaultConfigurationIsVisible = 0;
			defaultConfigurationName = Release;
		};
		DCF552631FA0B9F3000A37AC /* Build configuration list for PBXNativeTarget "MuehleGame" */ = {
			isa = XCConfigurationList;
			buildConfigurations = (
				DCF552641FA0B9F3000A37AC /* Debug */,
				DCF552651FA0B9F3000A37AC /* Release */,
			);
			defaultConfigurationIsVisible = 0;
			defaultConfigurationName = Release;
		};
/* End XCConfigurationList section */
	};
	rootObject = DCF552431FA0B9F3000A37AC /* Project object */;
}
